Microsoft Visual Studio Solution File, Format Version 12.00
# Visual Studio Version 17
VisualStudioVersion = 17.5.2.0
MinimumVisualStudioVersion = 10.0.40219.1
Project("{FAE04EC0-301F-11D3-BF4B-00C04F79EFBC}") = "VoxelSpace", "VoxelSpace\VoxelSpace.csproj", "{F7453092-BA95-5855-3C15-3D03B0E0134D}"
EndProject
Global
	GlobalSection(SolutionConfigurationPlatforms) = preSolution
		Debug|Any CPU = Debug|Any CPU
		Release|Any CPU = Release|Any CPU
	EndGlobalSection
	GlobalSection(ProjectConfigurationPlatforms) = postSolution
		{F7453092-BA95-5855-3C15-3D03B0E0134D}.Debug|Any CPU.ActiveCfg = Debug|Any CPU
		{F7453092-BA95-5855-3C15-3D03B0E0134D}.Debug|Any CPU.Build.0 = Debug|Any CPU
		{F7453092-BA95-5855-3C15-3D03B0E0134D}.Release|Any CPU.ActiveCfg = Release|Any CPU
		{F7453092-BA95-5855-3C15-3D03B0E0134D}.Release|Any CPU.Build.0 = Release|Any CPU
	EndGlobalSection
	GlobalSection(SolutionProperties) = preSolution
		HideSolutionNode = FALSE
	EndGlobalSection
	GlobalSection(ExtensibilityGlobals) = postSolution
		SolutionGuid = {8FAD3652-D524-4239-B738-BFB1557CD1ED}
	EndGlobalSection
EndGlobal
